// !$*UTF8*$!
{
	archiveVersion = 1;
	classes = {
	};
	objectVersion = 50;
	objects = {

/* Begin PBXBuildFile section */
		8980CFC0264C2CC700C058BD /* AppDelegate.swift in Sources */ = {isa = PBXBuildFile; fileRef = 8980CFBF264C2CC700C058BD /* AppDelegate.swift */; };
		8980CFC2264C2CC700C058BD /* SceneDelegate.swift in Sources */ = {isa = PBXBuildFile; fileRef = 8980CFC1264C2CC700C058BD /* SceneDelegate.swift */; };
		8980CFC4264C2CC700C058BD /* ViewController.swift in Sources */ = {isa = PBXBuildFile; fileRef = 8980CFC3264C2CC700C058BD /* ViewController.swift */; };
		8980CFC7264C2CC700C058BD /* Main.storyboard in Resources */ = {isa = PBXBuildFile; fileRef = 8980CFC5264C2CC700C058BD /* Main.storyboard */; };
		8980CFCA264C2CC700C058BD /* DesafioPOO_N1.xcdatamodeld in Sources */ = {isa = PBXBuildFile; fileRef = 8980CFC8264C2CC700C058BD /* DesafioPOO_N1.xcdatamodeld */; };
		8980CFCC264C2CCA00C058BD /* Assets.xcassets in Resources */ = {isa = PBXBuildFile; fileRef = 8980CFCB264C2CCA00C058BD /* Assets.xcassets */; };
		8980CFCF264C2CCA00C058BD /* LaunchScreen.storyboard in Resources */ = {isa = PBXBuildFile; fileRef = 8980CFCD264C2CCA00C058BD /* LaunchScreen.storyboard */; };
		8980CFDA264C2CCA00C058BD /* DesafioPOO_N1Tests.swift in Sources */ = {isa = PBXBuildFile; fileRef = 8980CFD9264C2CCA00C058BD /* DesafioPOO_N1Tests.swift */; };
		8980CFE5264C2CCA00C058BD /* DesafioPOO_N1UITests.swift in Sources */ = {isa = PBXBuildFile; fileRef = 8980CFE4264C2CCA00C058BD /* DesafioPOO_N1UITests.swift */; };
		8980CFFA264C529500C058BD /* Funcionario.swift in Sources */ = {isa = PBXBuildFile; fileRef = 8980CFF9264C529500C058BD /* Funcionario.swift */; };
		8980CFFF264C52EE00C058BD /* Desenvolvedor.swift in Sources */ = {isa = PBXBuildFile; fileRef = 8980CFFE264C52EE00C058BD /* Desenvolvedor.swift */; };
		8980D004264C530E00C058BD /* Dba.swift in Sources */ = {isa = PBXBuildFile; fileRef = 8980D003264C530E00C058BD /* Dba.swift */; };
		8980D00C264C535200C058BD /* Testador.swift in Sources */ = {isa = PBXBuildFile; fileRef = 8980D00B264C535200C058BD /* Testador.swift */; };
		8980D014264C537000C058BD /* Gerente.swift in Sources */ = {isa = PBXBuildFile; fileRef = 8980D013264C537000C058BD /* Gerente.swift */; };
/* End PBXBuildFile section */

/* Begin PBXContainerItemProxy section */
		8980CFD6264C2CCA00C058BD /* PBXContainerItemProxy */ = {
			isa = PBXContainerItemProxy;
			containerPortal = 8980CFB4264C2CC700C058BD /* Project object */;
			proxyType = 1;
			remoteGlobalIDString = 8980CFBB264C2CC700C058BD;
			remoteInfo = "DesafioPOO-N1";
		};
		8980CFE1264C2CCA00C058BD /* PBXContainerItemProxy */ = {
			isa = PBXContainerItemProxy;
			containerPortal = 8980CFB4264C2CC700C058BD /* Project object */;
			proxyType = 1;
			remoteGlobalIDString = 8980CFBB264C2CC700C058BD;
			remoteInfo = "DesafioPOO-N1";
		};
/* End PBXContainerItemProxy section */

/* Begin PBXFileReference section */
		8980CFBC264C2CC700C058BD /* DesafioPOO-N1.app */ = {isa = PBXFileReference; explicitFileType = wrapper.application; includeInIndex = 0; path = "DesafioPOO-N1.app"; sourceTree = BUILT_PRODUCTS_DIR; };
		8980CFBF264C2CC700C058BD /* AppDelegate.swift */ = {isa = PBXFileReference; lastKnownFileType = sourcecode.swift; path = AppDelegate.swift; sourceTree = "<group>"; };
		8980CFC1264C2CC700C058BD /* SceneDelegate.swift */ = {isa = PBXFileReference; lastKnownFileType = sourcecode.swift; path = SceneDelegate.swift; sourceTree = "<group>"; };
		8980CFC3264C2CC700C058BD /* ViewController.swift */ = {isa = PBXFileReference; lastKnownFileType = sourcecode.swift; path = ViewController.swift; sourceTree = "<group>"; };
		8980CFC6264C2CC700C058BD /* Base */ = {isa = PBXFileReference; lastKnownFileType = file.storyboard; name = Base; path = Base.lproj/Main.storyboard; sourceTree = "<group>"; };
		8980CFC9264C2CC700C058BD /* DesafioPOO_N1.xcdatamodel */ = {isa = PBXFileReference; lastKnownFileType = wrapper.xcdatamodel; path = DesafioPOO_N1.xcdatamodel; sourceTree = "<group>"; };
		8980CFCB264C2CCA00C058BD /* Assets.xcassets */ = {isa = PBXFileReference; lastKnownFileType = folder.assetcatalog; path = Assets.xcassets; sourceTree = "<group>"; };
		8980CFCE264C2CCA00C058BD /* Base */ = {isa = PBXFileReference; lastKnownFileType = file.storyboard; name = Base; path = Base.lproj/LaunchScreen.storyboard; sourceTree = "<group>"; };
		8980CFD0264C2CCA00C058BD /* Info.plist */ = {isa = PBXFileReference; lastKnownFileType = text.plist.xml; path = Info.plist; sourceTree = "<group>"; };
		8980CFD5264C2CCA00C058BD /* DesafioPOO-N1Tests.xctest */ = {isa = PBXFileReference; explicitFileType = wrapper.cfbundle; includeInIndex = 0; path = "DesafioPOO-N1Tests.xctest"; sourceTree = BUILT_PRODUCTS_DIR; };
		8980CFD9264C2CCA00C058BD /* DesafioPOO_N1Tests.swift */ = {isa = PBXFileReference; lastKnownFileType = sourcecode.swift; path = DesafioPOO_N1Tests.swift; sourceTree = "<group>"; };
		8980CFDB264C2CCA00C058BD /* Info.plist */ = {isa = PBXFileReference; lastKnownFileType = text.plist.xml; path = Info.plist; sourceTree = "<group>"; };
		8980CFE0264C2CCA00C058BD /* DesafioPOO-N1UITests.xctest */ = {isa = PBXFileReference; explicitFileType = wrapper.cfbundle; includeInIndex = 0; path = "DesafioPOO-N1UITests.xctest"; sourceTree = BUILT_PRODUCTS_DIR; };
		8980CFE4264C2CCA00C058BD /* DesafioPOO_N1UITests.swift */ = {isa = PBXFileReference; lastKnownFileType = sourcecode.swift; path = DesafioPOO_N1UITests.swift; sourceTree = "<group>"; };
		8980CFE6264C2CCA00C058BD /* Info.plist */ = {isa = PBXFileReference; lastKnownFileType = text.plist.xml; path = Info.plist; sourceTree = "<group>"; };
		8980CFF5264C2D0D00C058BD /* MyPlayground.playground */ = {isa = PBXFileReference; lastKnownFileType = file.playground; path = MyPlayground.playground; sourceTree = "<group>"; xcLanguageSpecificationIdentifier = xcode.lang.swift; };
		8980CFF9264C529500C058BD /* Funcionario.swift */ = {isa = PBXFileReference; lastKnownFileType = sourcecode.swift; path = Funcionario.swift; sourceTree = "<group>"; };
		8980CFFE264C52EE00C058BD /* Desenvolvedor.swift */ = {isa = PBXFileReference; lastKnownFileType = sourcecode.swift; path = Desenvolvedor.swift; sourceTree = "<group>"; };
		8980D003264C530E00C058BD /* Dba.swift */ = {isa = PBXFileReference; lastKnownFileType = sourcecode.swift; path = Dba.swift; sourceTree = "<group>"; };
		8980D00B264C535200C058BD /* Testador.swift */ = {isa = PBXFileReference; lastKnownFileType = sourcecode.swift; path = Testador.swift; sourceTree = "<group>"; };
		8980D013264C537000C058BD /* Gerente.swift */ = {isa = PBXFileReference; lastKnownFileType = sourcecode.swift; path = Gerente.swift; sourceTree = "<group>"; };
/* End PBXFileReference section */

/* Begin PBXFrameworksBuildPhase section */
		8980CFB9264C2CC700C058BD /* Frameworks */ = {
			isa = PBXFrameworksBuildPhase;
			buildActionMask = 2147483647;
			files = (
			);
			runOnlyForDeploymentPostprocessing = 0;
		};
		8980CFD2264C2CCA00C058BD /* Frameworks */ = {
			isa = PBXFrameworksBuildPhase;
			buildActionMask = 2147483647;
			files = (
			);
			runOnlyForDeploymentPostprocessing = 0;
		};
		8980CFDD264C2CCA00C058BD /* Frameworks */ = {
			isa = PBXFrameworksBuildPhase;
			buildActionMask = 2147483647;
			files = (
			);
			runOnlyForDeploymentPostprocessing = 0;
		};
/* End PBXFrameworksBuildPhase section */

/* Begin PBXGroup section */
		8980CFB3264C2CC700C058BD = {
			isa = PBXGroup;
			children = (
				8980CFBE264C2CC700C058BD /* DesafioPOO-N1 */,
				8980CFD8264C2CCA00C058BD /* DesafioPOO-N1Tests */,
				8980CFE3264C2CCA00C058BD /* DesafioPOO-N1UITests */,
				8980CFBD264C2CC700C058BD /* Products */,
			);
			sourceTree = "<group>";
		};
		8980CFBD264C2CC700C058BD /* Products */ = {
			isa = PBXGroup;
			children = (
				8980CFBC264C2CC700C058BD /* DesafioPOO-N1.app */,
				8980CFD5264C2CCA00C058BD /* DesafioPOO-N1Tests.xctest */,
				8980CFE0264C2CCA00C058BD /* DesafioPOO-N1UITests.xctest */,
			);
			name = Products;
			sourceTree = "<group>";
		};
		8980CFBE264C2CC700C058BD /* DesafioPOO-N1 */ = {
			isa = PBXGroup;
			children = (
				8980CFF9264C529500C058BD /* Funcionario.swift */,
				8980CFFE264C52EE00C058BD /* Desenvolvedor.swift */,
				8980D003264C530E00C058BD /* Dba.swift */,
				8980D00B264C535200C058BD /* Testador.swift */,
				8980D013264C537000C058BD /* Gerente.swift */,
				8980CFBF264C2CC700C058BD /* AppDelegate.swift */,
				8980CFC1264C2CC700C058BD /* SceneDelegate.swift */,
				8980CFC3264C2CC700C058BD /* ViewController.swift */,
				8980CFC5264C2CC700C058BD /* Main.storyboard */,
				8980CFCB264C2CCA00C058BD /* Assets.xcassets */,
				8980CFCD264C2CCA00C058BD /* LaunchScreen.storyboard */,
				8980CFD0264C2CCA00C058BD /* Info.plist */,
				8980CFC8264C2CC700C058BD /* DesafioPOO_N1.xcdatamodeld */,
				8980CFF5264C2D0D00C058BD /* MyPlayground.playground */,
			);
			path = "DesafioPOO-N1";
			sourceTree = "<group>";
		};
		8980CFD8264C2CCA00C058BD /* DesafioPOO-N1Tests */ = {
			isa = PBXGroup;
			children = (
				8980CFD9264C2CCA00C058BD /* DesafioPOO_N1Tests.swift */,
				8980CFDB264C2CCA00C058BD /* Info.plist */,
			);
			path = "DesafioPOO-N1Tests";
			sourceTree = "<group>";
		};
		8980CFE3264C2CCA00C058BD /* DesafioPOO-N1UITests */ = {
			isa = PBXGroup;
			children = (
				8980CFE4264C2CCA00C058BD /* DesafioPOO_N1UITests.swift */,
				8980CFE6264C2CCA00C058BD /* Info.plist */,
			);
			path = "DesafioPOO-N1UITests";
			sourceTree = "<group>";
		};
/* End PBXGroup section */

/* Begin PBXNativeTarget section */
		8980CFBB264C2CC700C058BD /* DesafioPOO-N1 */ = {
			isa = PBXNativeTarget;
			buildConfigurationList = 8980CFE9264C2CCA00C058BD /* Build configuration list for PBXNativeTarget "DesafioPOO-N1" */;
			buildPhases = (
				8980CFB8264C2CC700C058BD /* Sources */,
				8980CFB9264C2CC700C058BD /* Frameworks */,
				8980CFBA264C2CC700C058BD /* Resources */,
			);
			buildRules = (
			);
			dependencies = (
			);
			name = "DesafioPOO-N1";
			productName = "DesafioPOO-N1";
			productReference = 8980CFBC264C2CC700C058BD /* DesafioPOO-N1.app */;
			productType = "com.apple.product-type.application";
		};
		8980CFD4264C2CCA00C058BD /* DesafioPOO-N1Tests */ = {
			isa = PBXNativeTarget;
			buildConfigurationList = 8980CFEC264C2CCA00C058BD /* Build configuration list for PBXNativeTarget "DesafioPOO-N1Tests" */;
			buildPhases = (
				8980CFD1264C2CCA00C058BD /* Sources */,
				8980CFD2264C2CCA00C058BD /* Frameworks */,
				8980CFD3264C2CCA00C058BD /* Resources */,
			);
			buildRules = (
			);
			dependencies = (
				8980CFD7264C2CCA00C058BD /* PBXTargetDependency */,
			);
			name = "DesafioPOO-N1Tests";
			productName = "DesafioPOO-N1Tests";
			productReference = 8980CFD5264C2CCA00C058BD /* DesafioPOO-N1Tests.xctest */;
			productType = "com.apple.product-type.bundle.unit-test";
		};
		8980CFDF264C2CCA00C058BD /* DesafioPOO-N1UITests */ = {
			isa = PBXNativeTarget;
			buildConfigurationList = 8980CFEF264C2CCA00C058BD /* Build configuration list for PBXNativeTarget "DesafioPOO-N1UITests" */;
			buildPhases = (
				8980CFDC264C2CCA00C058BD /* Sources */,
				8980CFDD264C2CCA00C058BD /* Frameworks */,
				8980CFDE264C2CCA00C058BD /* Resources */,
			);
			buildRules = (
			);
			dependencies = (
				8980CFE2264C2CCA00C058BD /* PBXTargetDependency */,
			);
			name = "DesafioPOO-N1UITests";
			productName = "DesafioPOO-N1UITests";
			productReference = 8980CFE0264C2CCA00C058BD /* DesafioPOO-N1UITests.xctest */;
			productType = "com.apple.product-type.bundle.ui-testing";
		};
/* End PBXNativeTarget section */

/* Begin PBXProject section */
		8980CFB4264C2CC700C058BD /* Project object */ = {
			isa = PBXProject;
			attributes = {
				LastSwiftUpdateCheck = 1240;
				LastUpgradeCheck = 1240;
				TargetAttributes = {
					8980CFBB264C2CC700C058BD = {
						CreatedOnToolsVersion = 12.4;
					};
					8980CFD4264C2CCA00C058BD = {
						CreatedOnToolsVersion = 12.4;
						TestTargetID = 8980CFBB264C2CC700C058BD;
					};
					8980CFDF264C2CCA00C058BD = {
						CreatedOnToolsVersion = 12.4;
						TestTargetID = 8980CFBB264C2CC700C058BD;
					};
				};
			};
			buildConfigurationList = 8980CFB7264C2CC700C058BD /* Build configuration list for PBXProject "DesafioPOO-N1" */;
			compatibilityVersion = "Xcode 9.3";
			developmentRegion = en;
			hasScannedForEncodings = 0;
			knownRegions = (
				en,
				Base,
			);
			mainGroup = 8980CFB3264C2CC700C058BD;
			productRefGroup = 8980CFBD264C2CC700C058BD /* Products */;
			projectDirPath = "";
			projectRoot = "";
			targets = (
				8980CFBB264C2CC700C058BD /* DesafioPOO-N1 */,
				8980CFD4264C2CCA00C058BD /* DesafioPOO-N1Tests */,
				8980CFDF264C2CCA00C058BD /* DesafioPOO-N1UITests */,
			);
		};
/* End PBXProject section */

/* Begin PBXResourcesBuildPhase section */
		8980CFBA264C2CC700C058BD /* Resources */ = {
			isa = PBXResourcesBuildPhase;
			buildActionMask = 2147483647;
			files = (
				8980CFCF264C2CCA00C058BD /* LaunchScreen.storyboard in Resources */,
				8980CFCC264C2CCA00C058BD /* Assets.xcassets in Resources */,
				8980CFC7264C2CC700C058BD /* Main.storyboard in Resources */,
			);
			runOnlyForDeploymentPostprocessing = 0;
		};
		8980CFD3264C2CCA00C058BD /* Resources */ = {
			isa = PBXResourcesBuildPhase;
			buildActionMask = 2147483647;
			files = (
			);
			runOnlyForDeploymentPostprocessing = 0;
		};
		8980CFDE264C2CCA00C058BD /* Resources */ = {
			isa = PBXResourcesBuildPhase;
			buildActionMask = 2147483647;
			files = (
			);
			runOnlyForDeploymentPostprocessing = 0;
		};
/* End PBXResourcesBuildPhase section */

/* Begin PBXSourcesBuildPhase section */
		8980CFB8264C2CC700C058BD /* Sources */ = {
			isa = PBXSourcesBuildPhase;
			buildActionMask = 2147483647;
			files = (
				8980CFC4264C2CC700C058BD /* ViewController.swift in Sources */,
				8980CFFA264C529500C058BD /* Funcionario.swift in Sources */,
				8980CFCA264C2CC700C058BD /* DesafioPOO_N1.xcdatamodeld in Sources */,
				8980D004264C530E00C058BD /* Dba.swift in Sources */,
				8980CFC0264C2CC700C058BD /* AppDelegate.swift in Sources */,
				8980CFFF264C52EE00C058BD /* Desenvolvedor.swift in Sources */,
				8980CFC2264C2CC700C058BD /* SceneDelegate.swift in Sources */,
				8980D014264C537000C058BD /* Gerente.swift in Sources */,
				8980D00C264C535200C058BD /* Testador.swift in Sources */,
			);
			runOnlyForDeploymentPostprocessing = 0;
		};
		8980CFD1264C2CCA00C058BD /* Sources */ = {
			isa = PBXSourcesBuildPhase;
			buildActionMask = 2147483647;
			files = (
				8980CFDA264C2CCA00C058BD /* DesafioPOO_N1Tests.swift in Sources */,
			);
			runOnlyForDeploymentPostprocessing = 0;
		};
		8980CFDC264C2CCA00C058BD /* Sources */ = {
			isa = PBXSourcesBuildPhase;
			buildActionMask = 2147483647;
			files = (
				8980CFE5264C2CCA00C058BD /* DesafioPOO_N1UITests.swift in Sources */,
			);
			runOnlyForDeploymentPostprocessing = 0;
		};
/* End PBXSourcesBuildPhase section */

/* Begin PBXTargetDependency section */
		8980CFD7264C2CCA00C058BD /* PBXTargetDependency */ = {
			isa = PBXTargetDependency;
			target = 8980CFBB264C2CC700C058BD /* DesafioPOO-N1 */;
			targetProxy = 8980CFD6264C2CCA00C058BD /* PBXContainerItemProxy */;
		};
		8980CFE2264C2CCA00C058BD /* PBXTargetDependency */ = {
			isa = PBXTargetDependency;
			target = 8980CFBB264C2CC700C058BD /* DesafioPOO-N1 */;
			targetProxy = 8980CFE1264C2CCA00C058BD /* PBXContainerItemProxy */;
		};
/* End PBXTargetDependency section */

/* Begin PBXVariantGroup section */
		8980CFC5264C2CC700C058BD /* Main.storyboard */ = {
			isa = PBXVariantGroup;
			children = (
				8980CFC6264C2CC700C058BD /* Base */,
			);
			name = Main.storyboard;
			sourceTree = "<group>";
		};
		8980CFCD264C2CCA00C058BD /* LaunchScreen.storyboard */ = {
			isa = PBXVariantGroup;
			children = (
				8980CFCE264C2CCA00C058BD /* Base */,
			);
			name = LaunchScreen.storyboard;
			sourceTree = "<group>";
		};
/* End PBXVariantGroup section */

/* Begin XCBuildConfiguration section */
		8980CFE7264C2CCA00C058BD /* Debug */ = {
			isa = XCBuildConfiguration;
			buildSettings = {
				ALWAYS_SEARCH_USER_PATHS = NO;
				CLANG_ANALYZER_NONNULL = YES;
				CLANG_ANALYZER_NUMBER_OBJECT_CONVERSION = YES_AGGRESSIVE;
				CLANG_CXX_LANGUAGE_STANDARD = "gnu++14";
				CLANG_CXX_LIBRARY = "libc++";
				CLANG_ENABLE_MODULES = YES;
				CLANG_ENABLE_OBJC_ARC = YES;
				CLANG_ENABLE_OBJC_WEAK = YES;
				CLANG_WARN_BLOCK_CAPTURE_AUTORELEASING = YES;
				CLANG_WARN_BOOL_CONVERSION = YES;
				CLANG_WARN_COMMA = YES;
				CLANG_WARN_CONSTANT_CONVERSION = YES;
				CLANG_WARN_DEPRECATED_OBJC_IMPLEMENTATIONS = YES;
				CLANG_WARN_DIRECT_OBJC_ISA_USAGE = YES_ERROR;
				CLANG_WARN_DOCUMENTATION_COMMENTS = YES;
				CLANG_WARN_EMPTY_BODY = YES;
				CLANG_WARN_ENUM_CONVERSION = YES;
				CLANG_WARN_INFINITE_RECURSION = YES;
				CLANG_WARN_INT_CONVERSION = YES;
				CLANG_WARN_NON_LITERAL_NULL_CONVERSION = YES;
				CLANG_WARN_OBJC_IMPLICIT_RETAIN_SELF = YES;
				CLANG_WARN_OBJC_LITERAL_CONVERSION = YES;
				CLANG_WARN_OBJC_ROOT_CLASS = YES_ERROR;
				CLANG_WARN_QUOTED_INCLUDE_IN_FRAMEWORK_HEADER = YES;
				CLANG_WARN_RANGE_LOOP_ANALYSIS = YES;
				CLANG_WARN_STRICT_PROTOTYPES = YES;
				CLANG_WARN_SUSPICIOUS_MOVE = YES;
				CLANG_WARN_UNGUARDED_AVAILABILITY = YES_AGGRESSIVE;
				CLANG_WARN_UNREACHABLE_CODE = YES;
				CLANG_WARN__DUPLICATE_METHOD_MATCH = YES;
				COPY_PHASE_STRIP = NO;
				DEBUG_INFORMATION_FORMAT = dwarf;
				ENABLE_STRICT_OBJC_MSGSEND = YES;
				ENABLE_TESTABILITY = YES;
				GCC_C_LANGUAGE_STANDARD = gnu11;
				GCC_DYNAMIC_NO_PIC = NO;
				GCC_NO_COMMON_BLOCKS = YES;
				GCC_OPTIMIZATION_LEVEL = 0;
				GCC_PREPROCESSOR_DEFINITIONS = (
					"DEBUG=1",
					"$(inherited)",
				);
				GCC_WARN_64_TO_32_BIT_CONVERSION = YES;
				GCC_WARN_ABOUT_RETURN_TYPE = YES_ERROR;
				GCC_WARN_UNDECLARED_SELECTOR = YES;
				GCC_WARN_UNINITIALIZED_AUTOS = YES_AGGRESSIVE;
				GCC_WARN_UNUSED_FUNCTION = YES;
				GCC_WARN_UNUSED_VARIABLE = YES;
				IPHONEOS_DEPLOYMENT_TARGET = 14.4;
				MTL_ENABLE_DEBUG_INFO = INCLUDE_SOURCE;
				MTL_FAST_MATH = YES;
				ONLY_ACTIVE_ARCH = YES;
				SDKROOT = iphoneos;
				SWIFT_ACTIVE_COMPILATION_CONDITIONS = DEBUG;
				SWIFT_OPTIMIZATION_LEVEL = "-Onone";
			};
			name = Debug;
		};
		8980CFE8264C2CCA00C058BD /* Release */ = {
			isa = XCBuildConfiguration;
			buildSettings = {
				ALWAYS_SEARCH_USER_PATHS = NO;
				CLANG_ANALYZER_NONNULL = YES;
				CLANG_ANALYZER_NUMBER_OBJECT_CONVERSION = YES_AGGRESSIVE;
				CLANG_CXX_LANGUAGE_STANDARD = "gnu++14";
				CLANG_CXX_LIBRARY = "libc++";
				CLANG_ENABLE_MODULES = YES;
				CLANG_ENABLE_OBJC_ARC = YES;
				CLANG_ENABLE_OBJC_WEAK = YES;
				CLANG_WARN_BLOCK_CAPTURE_AUTORELEASING = YES;
				CLANG_WARN_BOOL_CONVERSION = YES;
				CLANG_WARN_COMMA = YES;
				CLANG_WARN_CONSTANT_CONVERSION = YES;
				CLANG_WARN_DEPRECATED_OBJC_IMPLEMENTATIONS = YES;
				CLANG_WARN_DIRECT_OBJC_ISA_USAGE = YES_ERROR;
				CLANG_WARN_DOCUMENTATION_COMMENTS = YES;
				CLANG_WARN_EMPTY_BODY = YES;
				CLANG_WARN_ENUM_CONVERSION = YES;
				CLANG_WARN_INFINITE_RECURSION = YES;
				CLANG_WARN_INT_CONVERSION = YES;
				CLANG_WARN_NON_LITERAL_NULL_CONVERSION = YES;
				CLANG_WARN_OBJC_IMPLICIT_RETAIN_SELF = YES;
				CLANG_WARN_OBJC_LITERAL_CONVERSION = YES;
				CLANG_WARN_OBJC_ROOT_CLASS = YES_ERROR;
				CLANG_WARN_QUOTED_INCLUDE_IN_FRAMEWORK_HEADER = YES;
				CLANG_WARN_RANGE_LOOP_ANALYSIS = YES;
				CLANG_WARN_STRICT_PROTOTYPES = YES;
				CLANG_WARN_SUSPICIOUS_MOVE = YES;
				CLANG_WARN_UNGUARDED_AVAILABILITY = YES_AGGRESSIVE;
				CLANG_WARN_UNREACHABLE_CODE = YES;
				CLANG_WARN__DUPLICATE_METHOD_MATCH = YES;
				COPY_PHASE_STRIP = NO;
				DEBUG_INFORMATION_FORMAT = "dwarf-with-dsym";
				ENABLE_NS_ASSERTIONS = NO;
				ENABLE_STRICT_OBJC_MSGSEND = YES;
				GCC_C_LANGUAGE_STANDARD = gnu11;
				GCC_NO_COMMON_BLOCKS = YES;
				GCC_WARN_64_TO_32_BIT_CONVERSION = YES;
				GCC_WARN_ABOUT_RETURN_TYPE = YES_ERROR;
				GCC_WARN_UNDECLARED_SELECTOR = YES;
				GCC_WARN_UNINITIALIZED_AUTOS = YES_AGGRESSIVE;
				GCC_WARN_UNUSED_FUNCTION = YES;
				GCC_WARN_UNUSED_VARIABLE = YES;
				IPHONEOS_DEPLOYMENT_TARGET = 14.4;
				MTL_ENABLE_DEBUG_INFO = NO;
				MTL_FAST_MATH = YES;
				SDKROOT = iphoneos;
				SWIFT_COMPILATION_MODE = wholemodule;
				SWIFT_OPTIMIZATION_LEVEL = "-O";
				VALIDATE_PRODUCT = YES;
			};
			name = Release;
		};
		8980CFEA264C2CCA00C058BD /* Debug */ = {
			isa = XCBuildConfiguration;
			buildSettings = {
				ASSETCATALOG_COMPILER_APPICON_NAME = AppIcon;
				ASSETCATALOG_COMPILER_GLOBAL_ACCENT_COLOR_NAME = AccentColor;
				CODE_SIGN_STYLE = Automatic;
				INFOPLIST_FILE = "DesafioPOO-N1/Info.plist";
				LD_RUNPATH_SEARCH_PATHS = (
					"$(inherited)",
					"@executable_path/Frameworks",
				);
				PRODUCT_BUNDLE_IDENTIFIER = "Pessoal.DesafioPOO-N1";
				PRODUCT_NAME = "$(TARGET_NAME)";
				SWIFT_VERSION = 5.0;
				TARGETED_DEVICE_FAMILY = "1,2";
			};
			name = Debug;
		};
		8980CFEB264C2CCA00C058BD /* Release */ = {
			isa = XCBuildConfiguration;
			buildSettings = {
				ASSETCATALOG_COMPILER_APPICON_NAME = AppIcon;
				ASSETCATALOG_COMPILER_GLOBAL_ACCENT_COLOR_NAME = AccentColor;
				CODE_SIGN_STYLE = Automatic;
				INFOPLIST_FILE = "DesafioPOO-N1/Info.plist";
				LD_RUNPATH_SEARCH_PATHS = (
					"$(inherited)",
					"@executable_path/Frameworks",
				);
				PRODUCT_BUNDLE_IDENTIFIER = "Pessoal.DesafioPOO-N1";
				PRODUCT_NAME = "$(TARGET_NAME)";
				SWIFT_VERSION = 5.0;
				TARGETED_DEVICE_FAMILY = "1,2";
			};
			name = Release;
		};
		8980CFED264C2CCA00C058BD /* Debug */ = {
			isa = XCBuildConfiguration;
			buildSettings = {
				ALWAYS_EMBED_SWIFT_STANDARD_LIBRARIES = YES;
				BUNDLE_LOADER = "$(TEST_HOST)";
				CODE_SIGN_STYLE = Automatic;
				INFOPLIST_FILE = "DesafioPOO-N1Tests/Info.plist";
				IPHONEOS_DEPLOYMENT_TARGET = 14.4;
				LD_RUNPATH_SEARCH_PATHS = (
					"$(inherited)",
					"@executable_path/Frameworks",
					"@loader_path/Frameworks",
				);
				PRODUCT_BUNDLE_IDENTIFIER = "Pessoal.DesafioPOO-N1Tests";
				PRODUCT_NAME = "$(TARGET_NAME)";
				SWIFT_VERSION = 5.0;
				TARGETED_DEVICE_FAMILY = "1,2";
				TEST_HOST = "$(BUILT_PRODUCTS_DIR)/DesafioPOO-N1.app/DesafioPOO-N1";
			};
			name = Debug;
		};
		8980CFEE264C2CCA00C058BD /* Release */ = {
			isa = XCBuildConfiguration;
			buildSettings = {
				ALWAYS_EMBED_SWIFT_STANDARD_LIBRARIES = YES;
				BUNDLE_LOADER = "$(TEST_HOST)";
				CODE_SIGN_STYLE = Automatic;
				INFOPLIST_FILE = "DesafioPOO-N1Tests/Info.plist";
				IPHONEOS_DEPLOYMENT_TARGET = 14.4;
				LD_RUNPATH_SEARCH_PATHS = (
					"$(inherited)",
					"@executable_path/Frameworks",
					"@loader_path/Frameworks",
				);
				PRODUCT_BUNDLE_IDENTIFIER = "Pessoal.DesafioPOO-N1Tests";
				PRODUCT_NAME = "$(TARGET_NAME)";
				SWIFT_VERSION = 5.0;
				TARGETED_DEVICE_FAMILY = "1,2";
				TEST_HOST = "$(BUILT_PRODUCTS_DIR)/DesafioPOO-N1.app/DesafioPOO-N1";
			};
			name = Release;
		};
		8980CFF0264C2CCA00C058BD /* Debug */ = {
			isa = XCBuildConfiguration;
			buildSettings = {
				ALWAYS_EMBED_SWIFT_STANDARD_LIBRARIES = YES;
				CODE_SIGN_STYLE = Automatic;
				INFOPLIST_FILE = "DesafioPOO-N1UITests/Info.plist";
				LD_RUNPATH_SEARCH_PATHS = (
					"$(inherited)",
					"@executable_path/Frameworks",
					"@loader_path/Frameworks",
				);
				PRODUCT_BUNDLE_IDENTIFIER = "Pessoal.DesafioPOO-N1UITests";
				PRODUCT_NAME = "$(TARGET_NAME)";
				SWIFT_VERSION = 5.0;
				TARGETED_DEVICE_FAMILY = "1,2";
				TEST_TARGET_NAME = "DesafioPOO-N1";
			};
			name = Debug;
		};
		8980CFF1264C2CCA00C058BD /* Release */ = {
			isa = XCBuildConfiguration;
			buildSettings = {
				ALWAYS_EMBED_SWIFT_STANDARD_LIBRARIES = YES;
				CODE_SIGN_STYLE = Automatic;
				INFOPLIST_FILE = "DesafioPOO-N1UITests/Info.plist";
				LD_RUNPATH_SEARCH_PATHS = (
					"$(inherited)",
					"@executable_path/Frameworks",
					"@loader_path/Frameworks",
				);
				PRODUCT_BUNDLE_IDENTIFIER = "Pessoal.DesafioPOO-N1UITests";
				PRODUCT_NAME = "$(TARGET_NAME)";
				SWIFT_VERSION = 5.0;
				TARGETED_DEVICE_FAMILY = "1,2";
				TEST_TARGET_NAME = "DesafioPOO-N1";
			};
			name = Release;
		};
/* End XCBuildConfiguration section */

/* Begin XCConfigurationList section */
		8980CFB7264C2CC700C058BD /* Build configuration list for PBXProject "DesafioPOO-N1" */ = {
			isa = XCConfigurationList;
			buildConfigurations = (
				8980CFE7264C2CCA00C058BD /* Debug */,
				8980CFE8264C2CCA00C058BD /* Release */,
			);
			defaultConfigurationIsVisible = 0;
			defaultConfigurationName = Release;
		};
		8980CFE9264C2CCA00C058BD /* Build configuration list for PBXNativeTarget "DesafioPOO-N1" */ = {
			isa = XCConfigurationList;
			buildConfigurations = (
				8980CFEA264C2CCA00C058BD /* Debug */,
				8980CFEB264C2CCA00C058BD /* Release */,
			);
			defaultConfigurationIsVisible = 0;
			defaultConfigurationName = Release;
		};
		8980CFEC264C2CCA00C058BD /* Build configuration list for PBXNativeTarget "DesafioPOO-N1Tests" */ = {
			isa = XCConfigurationList;
			buildConfigurations = (
				8980CFED264C2CCA00C058BD /* Debug */,
				8980CFEE264C2CCA00C058BD /* Release */,
			);
			defaultConfigurationIsVisible = 0;
			defaultConfigurationName = Release;
		};
		8980CFEF264C2CCA00C058BD /* Build configuration list for PBXNativeTarget "DesafioPOO-N1UITests" */ = {
			isa = XCConfigurationList;
			buildConfigurations = (
				8980CFF0264C2CCA00C058BD /* Debug */,
				8980CFF1264C2CCA00C058BD /* Release */,
			);
			defaultConfigurationIsVisible = 0;
			defaultConfigurationName = Release;
		};
/* End XCConfigurationList section */

/* Begin XCVersionGroup section */
		8980CFC8264C2CC700C058BD /* DesafioPOO_N1.xcdatamodeld */ = {
			isa = XCVersionGroup;
			children = (
				8980CFC9264C2CC700C058BD /* DesafioPOO_N1.xcdatamodel */,
			);
			currentVersion = 8980CFC9264C2CC700C058BD /* DesafioPOO_N1.xcdatamodel */;
			path = DesafioPOO_N1.xcdatamodeld;
			sourceTree = "<group>";
			versionGroupType = wrapper.xcdatamodel;
		};
/* End XCVersionGroup section */
	};
	rootObject = 8980CFB4264C2CC700C058BD /* Project object */;
}
